
Microsoft Visual Studio Solution File, Format Version 12.00
Project("{FAE04EC0-301F-11D3-BF4B-00C04F79EFBC}") = "KaydenWCompSci", "KaydenWCompSci.csproj", "{0D50543C-2A34-479A-9E4D-13AC2EEB4997}"
EndProject
Project("{2150E333-8FDC-42A3-9474-1A3956D46DE8}") = "LangDocs", "LangDocs", "{27FA6B5D-19AC-4F58-98DF-8C544822F1A1}"
EndProject
Project("{FAE04EC0-301F-11D3-BF4B-00C04F79EFBC}") = "prog52a", "xLangDocTests\prog52a\prog52a.csproj", "{D1F1FD6F-B1F4-4C02-A38A-2157D8866F2C}"
EndProject
Project("{FAE04EC0-301F-11D3-BF4B-00C04F79EFBC}") = "Lecture 2", "zClasswork\Lecture 2\Lecture 2.csproj", "{CDA08D94-074D-43CE-8A22-90FFDB28E7D9}"
EndProject
Project("{FAE04EC0-301F-11D3-BF4B-00C04F79EFBC}") = "TravelAgent", "zClasswork\TravelAgent\TravelAgent.csproj", "{1082184E-47E1-4946-9314-2401B42B51EE}"
EndProject
Project("{FAE04EC0-301F-11D3-BF4B-00C04F79EFBC}") = "Arrays", "zClasswork\Arrays\Arrays.csproj", "{721C644D-2B80-4F9A-9792-42458584AE31}"
EndProject
Project("{FAE04EC0-301F-11D3-BF4B-00C04F79EFBC}") = "MovieThingIG", "zClasswork\MovieThingIG\MovieThingIG.csproj", "{3ABB1185-8627-46C3-8D51-515A5190F216}"
EndProject
Project("{FAE04EC0-301F-11D3-BF4B-00C04F79EFBC}") = "FileWritingDemo", "zClasswork\FileWritingDemo\FileWritingDemo.csproj", "{8D7727E6-94BD-40B4-93A2-CB9673F25405}"
EndProject
Project("{FAE04EC0-301F-11D3-BF4B-00C04F79EFBC}") = "FileIOPart2", "FileIOPart2\FileIOPart2.csproj", "{B89A30CB-3044-4F1C-B739-280FAC033D20}"
EndProject
Project("{FAE04EC0-301F-11D3-BF4B-00C04F79EFBC}") = "FileIOLab", "zClasswork\FileIOLab\FileIOLab.csproj", "{4AD06673-4F09-4690-971C-3E3D2545F799}"
EndProject
Project("{FAE04EC0-301F-11D3-BF4B-00C04F79EFBC}") = "Algorithms", "zClasswork\Algorithms\Algorithms.csproj", "{AC2E94BC-885F-426F-8A78-FD15E2792F9B}"
EndProject
Project("{FAE04EC0-301F-11D3-BF4B-00C04F79EFBC}") = "Lab5", "zClasswork\Lab5\Lab5.csproj", "{E62714DC-F259-4BD4-9D03-C1AD6BEA68B6}"
EndProject
Project("{FAE04EC0-301F-11D3-BF4B-00C04F79EFBC}") = "Assignment2", "zClasswork\Assignment2\Assignment2.csproj", "{344B0D63-541D-4D06-8A49-8E74F47EC81A}"
EndProject
Global
	GlobalSection(SolutionConfigurationPlatforms) = preSolution
		Debug|Any CPU = Debug|Any CPU
		Release|Any CPU = Release|Any CPU
	EndGlobalSection
	GlobalSection(ProjectConfigurationPlatforms) = postSolution
		{0D50543C-2A34-479A-9E4D-13AC2EEB4997}.Debug|Any CPU.ActiveCfg = Debug|Any CPU
		{0D50543C-2A34-479A-9E4D-13AC2EEB4997}.Debug|Any CPU.Build.0 = Debug|Any CPU
		{0D50543C-2A34-479A-9E4D-13AC2EEB4997}.Release|Any CPU.ActiveCfg = Release|Any CPU
		{0D50543C-2A34-479A-9E4D-13AC2EEB4997}.Release|Any CPU.Build.0 = Release|Any CPU
		{D1F1FD6F-B1F4-4C02-A38A-2157D8866F2C}.Debug|Any CPU.ActiveCfg = Debug|Any CPU
		{D1F1FD6F-B1F4-4C02-A38A-2157D8866F2C}.Debug|Any CPU.Build.0 = Debug|Any CPU
		{D1F1FD6F-B1F4-4C02-A38A-2157D8866F2C}.Release|Any CPU.ActiveCfg = Release|Any CPU
		{D1F1FD6F-B1F4-4C02-A38A-2157D8866F2C}.Release|Any CPU.Build.0 = Release|Any CPU
		{CDA08D94-074D-43CE-8A22-90FFDB28E7D9}.Debug|Any CPU.ActiveCfg = Debug|Any CPU
		{CDA08D94-074D-43CE-8A22-90FFDB28E7D9}.Debug|Any CPU.Build.0 = Debug|Any CPU
		{CDA08D94-074D-43CE-8A22-90FFDB28E7D9}.Release|Any CPU.ActiveCfg = Release|Any CPU
		{CDA08D94-074D-43CE-8A22-90FFDB28E7D9}.Release|Any CPU.Build.0 = Release|Any CPU
		{1082184E-47E1-4946-9314-2401B42B51EE}.Debug|Any CPU.ActiveCfg = Debug|Any CPU
		{1082184E-47E1-4946-9314-2401B42B51EE}.Debug|Any CPU.Build.0 = Debug|Any CPU
		{1082184E-47E1-4946-9314-2401B42B51EE}.Release|Any CPU.ActiveCfg = Release|Any CPU
		{1082184E-47E1-4946-9314-2401B42B51EE}.Release|Any CPU.Build.0 = Release|Any CPU
		{721C644D-2B80-4F9A-9792-42458584AE31}.Debug|Any CPU.ActiveCfg = Debug|Any CPU
		{721C644D-2B80-4F9A-9792-42458584AE31}.Debug|Any CPU.Build.0 = Debug|Any CPU
		{721C644D-2B80-4F9A-9792-42458584AE31}.Release|Any CPU.ActiveCfg = Release|Any CPU
		{721C644D-2B80-4F9A-9792-42458584AE31}.Release|Any CPU.Build.0 = Release|Any CPU
		{3ABB1185-8627-46C3-8D51-515A5190F216}.Debug|Any CPU.ActiveCfg = Debug|Any CPU
		{3ABB1185-8627-46C3-8D51-515A5190F216}.Debug|Any CPU.Build.0 = Debug|Any CPU
		{3ABB1185-8627-46C3-8D51-515A5190F216}.Release|Any CPU.ActiveCfg = Release|Any CPU
		{3ABB1185-8627-46C3-8D51-515A5190F216}.Release|Any CPU.Build.0 = Release|Any CPU
		{8D7727E6-94BD-40B4-93A2-CB9673F25405}.Debug|Any CPU.ActiveCfg = Debug|Any CPU
		{8D7727E6-94BD-40B4-93A2-CB9673F25405}.Debug|Any CPU.Build.0 = Debug|Any CPU
		{8D7727E6-94BD-40B4-93A2-CB9673F25405}.Release|Any CPU.ActiveCfg = Release|Any CPU
		{8D7727E6-94BD-40B4-93A2-CB9673F25405}.Release|Any CPU.Build.0 = Release|Any CPU
		{B89A30CB-3044-4F1C-B739-280FAC033D20}.Debug|Any CPU.ActiveCfg = Debug|Any CPU
		{B89A30CB-3044-4F1C-B739-280FAC033D20}.Debug|Any CPU.Build.0 = Debug|Any CPU
		{B89A30CB-3044-4F1C-B739-280FAC033D20}.Release|Any CPU.ActiveCfg = Release|Any CPU
		{B89A30CB-3044-4F1C-B739-280FAC033D20}.Release|Any CPU.Build.0 = Release|Any CPU
		{4AD06673-4F09-4690-971C-3E3D2545F799}.Debug|Any CPU.ActiveCfg = Debug|Any CPU
		{4AD06673-4F09-4690-971C-3E3D2545F799}.Debug|Any CPU.Build.0 = Debug|Any CPU
		{4AD06673-4F09-4690-971C-3E3D2545F799}.Release|Any CPU.ActiveCfg = Release|Any CPU
		{4AD06673-4F09-4690-971C-3E3D2545F799}.Release|Any CPU.Build.0 = Release|Any CPU
		{AC2E94BC-885F-426F-8A78-FD15E2792F9B}.Debug|Any CPU.ActiveCfg = Debug|Any CPU
		{AC2E94BC-885F-426F-8A78-FD15E2792F9B}.Debug|Any CPU.Build.0 = Debug|Any CPU
		{AC2E94BC-885F-426F-8A78-FD15E2792F9B}.Release|Any CPU.ActiveCfg = Release|Any CPU
		{AC2E94BC-885F-426F-8A78-FD15E2792F9B}.Release|Any CPU.Build.0 = Release|Any CPU
		{E62714DC-F259-4BD4-9D03-C1AD6BEA68B6}.Debug|Any CPU.ActiveCfg = Debug|Any CPU
		{E62714DC-F259-4BD4-9D03-C1AD6BEA68B6}.Debug|Any CPU.Build.0 = Debug|Any CPU
		{E62714DC-F259-4BD4-9D03-C1AD6BEA68B6}.Release|Any CPU.ActiveCfg = Release|Any CPU
		{E62714DC-F259-4BD4-9D03-C1AD6BEA68B6}.Release|Any CPU.Build.0 = Release|Any CPU
		{344B0D63-541D-4D06-8A49-8E74F47EC81A}.Debug|Any CPU.ActiveCfg = Debug|Any CPU
		{344B0D63-541D-4D06-8A49-8E74F47EC81A}.Debug|Any CPU.Build.0 = Debug|Any CPU
		{344B0D63-541D-4D06-8A49-8E74F47EC81A}.Release|Any CPU.ActiveCfg = Release|Any CPU
		{344B0D63-541D-4D06-8A49-8E74F47EC81A}.Release|Any CPU.Build.0 = Release|Any CPU
	EndGlobalSection
EndGlobal
